
Microsoft Visual Studio Solution File, Format Version 12.00
# Visual Studio Version 17
VisualStudioVersion = 17.9.34902.65
MinimumVisualStudioVersion = 10.0.40219.1
Project("{9A19103F-16F7-4668-BE54-9A1E7A4F7556}") = "JetBrainsInterviewProject", "JetBrainsInterviewProject\JetBrainsInterviewProject.csproj", "{F7D6DC59-3017-44BD-B1F0-2C7671C53F47}"
EndProject
Project("{2150E333-8FDC-42A3-9474-1A3956D46DE8}") = "Test", "Test", "{F1A63CC4-4FFC-4ABA-9179-F5DC4936B466}"
EndProject
Project("{9A19103F-16F7-4668-BE54-9A1E7A4F7556}") = "UnitTests", "UnitTests\UnitTests.csproj", "{0AD173EB-D1BF-475F-A9D9-766416EA0E37}"
EndProject
Project("{2150E333-8FDC-42A3-9474-1A3956D46DE8}") = "PTYSolution", "PTYSolution", "{1CF2484F-AA03-4691-971E-F36A4D25A3E4}"
EndProject
Project("{9A19103F-16F7-4668-BE54-9A1E7A4F7556}") = "consolePTY", "consolePTY\consolePTY.csproj", "{5F18DF79-0D30-46A7-B21B-E5A261BF8366}"
EndProject
Project("{9A19103F-16F7-4668-BE54-9A1E7A4F7556}") = "WPF_ConPTY", "WPF_ConPTY\WPF_ConPTY.csproj", "{8061D3B4-D3CF-410F-B062-2297601395AE}"
EndProject
Project("{2150E333-8FDC-42A3-9474-1A3956D46DE8}") = "FirstSolution", "FirstSolution", "{A74785B6-F1F4-42D1-AFDF-FE7DC94BB49D}"
EndProject
Project("{2150E333-8FDC-42A3-9474-1A3956D46DE8}") = "PSHostSolution", "PSHostSolution", "{117618BE-9B3B-426D-B1B6-2AB775935083}"
EndProject
Project("{FAE04EC0-301F-11D3-BF4B-00C04F79EFBC}") = "PSHostApp", "PSHostApp\PSHostApp.csproj", "{40E8A4EB-825D-4D3A-8BE8-62615417F671}"
EndProject
Project("{FAE04EC0-301F-11D3-BF4B-00C04F79EFBC}") = "PSHostModule", "PSHostModule\PSHostModule.csproj", "{299A817D-41EE-4C2A-8CE0-1CDAB431D1CE}"
EndProject
Global
	GlobalSection(SolutionConfigurationPlatforms) = preSolution
		Debug|Any CPU = Debug|Any CPU
		Release|Any CPU = Release|Any CPU
	EndGlobalSection
	GlobalSection(ProjectConfigurationPlatforms) = postSolution
		{F7D6DC59-3017-44BD-B1F0-2C7671C53F47}.Debug|Any CPU.ActiveCfg = Debug|Any CPU
		{F7D6DC59-3017-44BD-B1F0-2C7671C53F47}.Debug|Any CPU.Build.0 = Debug|Any CPU
		{F7D6DC59-3017-44BD-B1F0-2C7671C53F47}.Release|Any CPU.ActiveCfg = Release|Any CPU
		{F7D6DC59-3017-44BD-B1F0-2C7671C53F47}.Release|Any CPU.Build.0 = Release|Any CPU
		{0AD173EB-D1BF-475F-A9D9-766416EA0E37}.Debug|Any CPU.ActiveCfg = Debug|Any CPU
		{0AD173EB-D1BF-475F-A9D9-766416EA0E37}.Debug|Any CPU.Build.0 = Debug|Any CPU
		{0AD173EB-D1BF-475F-A9D9-766416EA0E37}.Release|Any CPU.ActiveCfg = Release|Any CPU
		{0AD173EB-D1BF-475F-A9D9-766416EA0E37}.Release|Any CPU.Build.0 = Release|Any CPU
		{5F18DF79-0D30-46A7-B21B-E5A261BF8366}.Debug|Any CPU.ActiveCfg = Debug|Any CPU
		{5F18DF79-0D30-46A7-B21B-E5A261BF8366}.Debug|Any CPU.Build.0 = Debug|Any CPU
		{5F18DF79-0D30-46A7-B21B-E5A261BF8366}.Release|Any CPU.ActiveCfg = Release|Any CPU
		{5F18DF79-0D30-46A7-B21B-E5A261BF8366}.Release|Any CPU.Build.0 = Release|Any CPU
		{8061D3B4-D3CF-410F-B062-2297601395AE}.Debug|Any CPU.ActiveCfg = Debug|Any CPU
		{8061D3B4-D3CF-410F-B062-2297601395AE}.Debug|Any CPU.Build.0 = Debug|Any CPU
		{8061D3B4-D3CF-410F-B062-2297601395AE}.Release|Any CPU.ActiveCfg = Release|Any CPU
		{8061D3B4-D3CF-410F-B062-2297601395AE}.Release|Any CPU.Build.0 = Release|Any CPU
		{40E8A4EB-825D-4D3A-8BE8-62615417F671}.Debug|Any CPU.ActiveCfg = Debug|Any CPU
		{40E8A4EB-825D-4D3A-8BE8-62615417F671}.Debug|Any CPU.Build.0 = Debug|Any CPU
		{40E8A4EB-825D-4D3A-8BE8-62615417F671}.Release|Any CPU.ActiveCfg = Release|Any CPU
		{40E8A4EB-825D-4D3A-8BE8-62615417F671}.Release|Any CPU.Build.0 = Release|Any CPU
		{299A817D-41EE-4C2A-8CE0-1CDAB431D1CE}.Debug|Any CPU.ActiveCfg = Debug|Any CPU
		{299A817D-41EE-4C2A-8CE0-1CDAB431D1CE}.Debug|Any CPU.Build.0 = Debug|Any CPU
		{299A817D-41EE-4C2A-8CE0-1CDAB431D1CE}.Release|Any CPU.ActiveCfg = Release|Any CPU
		{299A817D-41EE-4C2A-8CE0-1CDAB431D1CE}.Release|Any CPU.Build.0 = Release|Any CPU
	EndGlobalSection
	GlobalSection(SolutionProperties) = preSolution
		HideSolutionNode = FALSE
	EndGlobalSection
	GlobalSection(NestedProjects) = preSolution
		{0AD173EB-D1BF-475F-A9D9-766416EA0E37} = {F1A63CC4-4FFC-4ABA-9179-F5DC4936B466}
		{5F18DF79-0D30-46A7-B21B-E5A261BF8366} = {1CF2484F-AA03-4691-971E-F36A4D25A3E4}
		{8061D3B4-D3CF-410F-B062-2297601395AE} = {1CF2484F-AA03-4691-971E-F36A4D25A3E4}
		{F7D6DC59-3017-44BD-B1F0-2C7671C53F47} = {A74785B6-F1F4-42D1-AFDF-FE7DC94BB49D}
		{F1A63CC4-4FFC-4ABA-9179-F5DC4936B466} = {A74785B6-F1F4-42D1-AFDF-FE7DC94BB49D}
		{40E8A4EB-825D-4D3A-8BE8-62615417F671} = {117618BE-9B3B-426D-B1B6-2AB775935083}
		{299A817D-41EE-4C2A-8CE0-1CDAB431D1CE} = {117618BE-9B3B-426D-B1B6-2AB775935083}
	EndGlobalSection
	GlobalSection(ExtensibilityGlobals) = postSolution
		SolutionGuid = {838D619E-2CC6-4594-936B-CCED6CB2613D}
	EndGlobalSection
EndGlobal
