
Microsoft Visual Studio Solution File, Format Version 12.00
# Visual Studio Version 17
VisualStudioVersion = 17.9.34902.65
MinimumVisualStudioVersion = 10.0.40219.1
Project("{9A19103F-16F7-4668-BE54-9A1E7A4F7556}") = "JetBrainsInterviewProject", "JetBrainsInterviewProject\JetBrainsInterviewProject.csproj", "{F7D6DC59-3017-44BD-B1F0-2C7671C53F47}"
EndProject
Project("{2150E333-8FDC-42A3-9474-1A3956D46DE8}") = "Test", "Test", "{F1A63CC4-4FFC-4ABA-9179-F5DC4936B466}"
EndProject
Project("{9A19103F-16F7-4668-BE54-9A1E7A4F7556}") = "UnitTests", "UnitTests\UnitTests.csproj", "{0AD173EB-D1BF-475F-A9D9-766416EA0E37}"
EndProject
Project("{2150E333-8FDC-42A3-9474-1A3956D46DE8}") = "PTYSolution", "PTYSolution", "{1CF2484F-AA03-4691-971E-F36A4D25A3E4}"
EndProject
Project("{9A19103F-16F7-4668-BE54-9A1E7A4F7556}") = "consolePTY", "consolePTY\consolePTY.csproj", "{5F18DF79-0D30-46A7-B21B-E5A261BF8366}"
EndProject
Project("{9A19103F-16F7-4668-BE54-9A1E7A4F7556}") = "WPF_ConPTY", "WPF_ConPTY\WPF_ConPTY.csproj", "{8061D3B4-D3CF-410F-B062-2297601395AE}"
EndProject
Project("{2150E333-8FDC-42A3-9474-1A3956D46DE8}") = "Solution Items", "Solution Items", "{F5138BCE-10F0-4898-967D-69A29A9EDCE5}"
EndProject
Project("{2150E333-8FDC-42A3-9474-1A3956D46DE8}") = "Test", "Test", "{7B157E66-BED7-4804-88E3-E2D363D6EBE9}"
EndProject
Project("{FAE04EC0-301F-11D3-BF4B-00C04F79EFBC}") = "UnitTestsPTY", "UnitTestsPTY\UnitTestsPTY.csproj", "{421E2315-1E08-42FD-92B8-AF5ED77335E2}"
EndProject
Global
	GlobalSection(SolutionConfigurationPlatforms) = preSolution
		Debug|Any CPU = Debug|Any CPU
		Release|Any CPU = Release|Any CPU
	EndGlobalSection
	GlobalSection(ProjectConfigurationPlatforms) = postSolution
		{F7D6DC59-3017-44BD-B1F0-2C7671C53F47}.Debug|Any CPU.ActiveCfg = Debug|Any CPU
		{F7D6DC59-3017-44BD-B1F0-2C7671C53F47}.Debug|Any CPU.Build.0 = Debug|Any CPU
		{F7D6DC59-3017-44BD-B1F0-2C7671C53F47}.Release|Any CPU.ActiveCfg = Release|Any CPU
		{F7D6DC59-3017-44BD-B1F0-2C7671C53F47}.Release|Any CPU.Build.0 = Release|Any CPU
		{0AD173EB-D1BF-475F-A9D9-766416EA0E37}.Debug|Any CPU.ActiveCfg = Debug|Any CPU
		{0AD173EB-D1BF-475F-A9D9-766416EA0E37}.Debug|Any CPU.Build.0 = Debug|Any CPU
		{0AD173EB-D1BF-475F-A9D9-766416EA0E37}.Release|Any CPU.ActiveCfg = Release|Any CPU
		{0AD173EB-D1BF-475F-A9D9-766416EA0E37}.Release|Any CPU.Build.0 = Release|Any CPU
		{5F18DF79-0D30-46A7-B21B-E5A261BF8366}.Debug|Any CPU.ActiveCfg = Debug|Any CPU
		{5F18DF79-0D30-46A7-B21B-E5A261BF8366}.Debug|Any CPU.Build.0 = Debug|Any CPU
		{5F18DF79-0D30-46A7-B21B-E5A261BF8366}.Release|Any CPU.ActiveCfg = Release|Any CPU
		{5F18DF79-0D30-46A7-B21B-E5A261BF8366}.Release|Any CPU.Build.0 = Release|Any CPU
		{8061D3B4-D3CF-410F-B062-2297601395AE}.Debug|Any CPU.ActiveCfg = Debug|Any CPU
		{8061D3B4-D3CF-410F-B062-2297601395AE}.Debug|Any CPU.Build.0 = Debug|Any CPU
		{8061D3B4-D3CF-410F-B062-2297601395AE}.Release|Any CPU.ActiveCfg = Release|Any CPU
		{8061D3B4-D3CF-410F-B062-2297601395AE}.Release|Any CPU.Build.0 = Release|Any CPU
		{421E2315-1E08-42FD-92B8-AF5ED77335E2}.Debug|Any CPU.ActiveCfg = Debug|Any CPU
		{421E2315-1E08-42FD-92B8-AF5ED77335E2}.Debug|Any CPU.Build.0 = Debug|Any CPU
		{421E2315-1E08-42FD-92B8-AF5ED77335E2}.Release|Any CPU.ActiveCfg = Release|Any CPU
		{421E2315-1E08-42FD-92B8-AF5ED77335E2}.Release|Any CPU.Build.0 = Release|Any CPU
	EndGlobalSection
	GlobalSection(SolutionProperties) = preSolution
		HideSolutionNode = FALSE
	EndGlobalSection
	GlobalSection(NestedProjects) = preSolution
		{0AD173EB-D1BF-475F-A9D9-766416EA0E37} = {F1A63CC4-4FFC-4ABA-9179-F5DC4936B466}
		{5F18DF79-0D30-46A7-B21B-E5A261BF8366} = {1CF2484F-AA03-4691-971E-F36A4D25A3E4}
		{8061D3B4-D3CF-410F-B062-2297601395AE} = {1CF2484F-AA03-4691-971E-F36A4D25A3E4}
		{7B157E66-BED7-4804-88E3-E2D363D6EBE9} = {1CF2484F-AA03-4691-971E-F36A4D25A3E4}
		{421E2315-1E08-42FD-92B8-AF5ED77335E2} = {7B157E66-BED7-4804-88E3-E2D363D6EBE9}
	EndGlobalSection
	GlobalSection(ExtensibilityGlobals) = postSolution
		SolutionGuid = {838D619E-2CC6-4594-936B-CCED6CB2613D}
	EndGlobalSection
EndGlobal
